
Microsoft Visual Studio Solution File, Format Version 12.00
# Visual Studio 15
VisualStudioVersion = 15.0.26430.6
MinimumVisualStudioVersion = 10.0.40219.1
Project("{FAE04EC0-301F-11D3-BF4B-00C04F79EFBC}") = "AspNet.Identity.Dapper", "AspNet.Identity.Dapper\AspNet.Identity.Dapper.csproj", "{D9F88F05-F8E0-497A-91C0-DB2292FD6613}"
EndProject
Project("{FAE04EC0-301F-11D3-BF4B-00C04F79EFBC}") = "AspNet.Identity.Dapper.Tests", "AspNet.Identity.Dapper.Tests\AspNet.Identity.Dapper.Tests.csproj", "{EDAB33CC-5635-409D-AEB7-1B8298D3376B}"
EndProject
Project("{FAE04EC0-301F-11D3-BF4B-00C04F79EFBC}") = "TestDapperIdentity", "TestDapperIdentity\TestDapperIdentity.csproj", "{E0EB15D4-6C2F-448B-AD41-515D83EDF6EE}"
EndProject
Global
	GlobalSection(SolutionConfigurationPlatforms) = preSolution
		Debug|Any CPU = Debug|Any CPU
		Release|Any CPU = Release|Any CPU
	EndGlobalSection
	GlobalSection(ProjectConfigurationPlatforms) = postSolution
		{D9F88F05-F8E0-497A-91C0-DB2292FD6613}.Debug|Any CPU.ActiveCfg = Debug|Any CPU
		{D9F88F05-F8E0-497A-91C0-DB2292FD6613}.Debug|Any CPU.Build.0 = Debug|Any CPU
		{D9F88F05-F8E0-497A-91C0-DB2292FD6613}.Release|Any CPU.ActiveCfg = Release|Any CPU
		{D9F88F05-F8E0-497A-91C0-DB2292FD6613}.Release|Any CPU.Build.0 = Release|Any CPU
		{EDAB33CC-5635-409D-AEB7-1B8298D3376B}.Debug|Any CPU.ActiveCfg = Debug|Any CPU
		{EDAB33CC-5635-409D-AEB7-1B8298D3376B}.Debug|Any CPU.Build.0 = Debug|Any CPU
		{EDAB33CC-5635-409D-AEB7-1B8298D3376B}.Release|Any CPU.ActiveCfg = Release|Any CPU
		{EDAB33CC-5635-409D-AEB7-1B8298D3376B}.Release|Any CPU.Build.0 = Release|Any CPU
		{E0EB15D4-6C2F-448B-AD41-515D83EDF6EE}.Debug|Any CPU.ActiveCfg = Debug|Any CPU
		{E0EB15D4-6C2F-448B-AD41-515D83EDF6EE}.Debug|Any CPU.Build.0 = Debug|Any CPU
		{E0EB15D4-6C2F-448B-AD41-515D83EDF6EE}.Release|Any CPU.ActiveCfg = Release|Any CPU
		{E0EB15D4-6C2F-448B-AD41-515D83EDF6EE}.Release|Any CPU.Build.0 = Release|Any CPU
	EndGlobalSection
	GlobalSection(SolutionProperties) = preSolution
		HideSolutionNode = FALSE
	EndGlobalSection
EndGlobal
